// !$*UTF8*$!
{
	archiveVersion = 1;
	classes = {
	};
	objectVersion = 55;
	objects = {

/* Begin PBXBuildFile section */
		D35431022DCBB905006953CD /* Colors.xcassets in Resources */ = {isa = PBXBuildFile; fileRef = D35431012DCBB905006953CD /* Colors.xcassets */; };
		D35431052DCBB9EC006953CD /* Color+Extension.swift in Sources */ = {isa = PBXBuildFile; fileRef = D35431042DCBB9EC006953CD /* Color+Extension.swift */; };
		D3BEFB842DCBA9C7000CE70F /* TravelWorldApp.swift in Sources */ = {isa = PBXBuildFile; fileRef = D3BEFB832DCBA9C7000CE70F /* TravelWorldApp.swift */; };
		D3BEFB862DCBA9C7000CE70F /* ContentView.swift in Sources */ = {isa = PBXBuildFile; fileRef = D3BEFB852DCBA9C7000CE70F /* ContentView.swift */; };
		D3BEFB882DCBA9C8000CE70F /* Assets.xcassets in Resources */ = {isa = PBXBuildFile; fileRef = D3BEFB872DCBA9C8000CE70F /* Assets.xcassets */; };
		D3BEFB8B2DCBA9C8000CE70F /* Preview Assets.xcassets in Resources */ = {isa = PBXBuildFile; fileRef = D3BEFB8A2DCBA9C8000CE70F /* Preview Assets.xcassets */; };
		D3BEFB932DCBAA00000CE70F /* HomeView.swift in Sources */ = {isa = PBXBuildFile; fileRef = D3BEFB922DCBAA00000CE70F /* HomeView.swift */; };
		D3BEFB952DCBABA9000CE70F /* SplashView.swift in Sources */ = {isa = PBXBuildFile; fileRef = D3BEFB942DCBABA9000CE70F /* SplashView.swift */; };
		D3BEFB992DCBAECD000CE70F /* MainButtonStyle.swift in Sources */ = {isa = PBXBuildFile; fileRef = D3BEFB982DCBAECD000CE70F /* MainButtonStyle.swift */; };
		D3BEFB9C2DCBB3E9000CE70F /* OleoScript-Bold.ttf in Resources */ = {isa = PBXBuildFile; fileRef = D3BEFB9B2DCBB3E9000CE70F /* OleoScript-Bold.ttf */; };
		D3BEFB9F2DCBB43C000CE70F /* OoohBaby-Regular.ttf in Resources */ = {isa = PBXBuildFile; fileRef = D3BEFB9E2DCBB43C000CE70F /* OoohBaby-Regular.ttf */; };
		D3FFCE152DD0801D0060F781 /* TerritoryCapsule.swift in Sources */ = {isa = PBXBuildFile; fileRef = D3FFCE142DD0801D0060F781 /* TerritoryCapsule.swift */; };
/* End PBXBuildFile section */

/* Begin PBXFileReference section */
		D35431012DCBB905006953CD /* Colors.xcassets */ = {isa = PBXFileReference; lastKnownFileType = folder.assetcatalog; path = Colors.xcassets; sourceTree = "<group>"; };
		D35431042DCBB9EC006953CD /* Color+Extension.swift */ = {isa = PBXFileReference; lastKnownFileType = sourcecode.swift; path = "Color+Extension.swift"; sourceTree = "<group>"; };
		D3BEFB802DCBA9C7000CE70F /* TravelWorld.app */ = {isa = PBXFileReference; explicitFileType = wrapper.application; includeInIndex = 0; path = TravelWorld.app; sourceTree = BUILT_PRODUCTS_DIR; };
		D3BEFB832DCBA9C7000CE70F /* TravelWorldApp.swift */ = {isa = PBXFileReference; lastKnownFileType = sourcecode.swift; path = TravelWorldApp.swift; sourceTree = "<group>"; };
		D3BEFB852DCBA9C7000CE70F /* ContentView.swift */ = {isa = PBXFileReference; lastKnownFileType = sourcecode.swift; path = ContentView.swift; sourceTree = "<group>"; };
		D3BEFB872DCBA9C8000CE70F /* Assets.xcassets */ = {isa = PBXFileReference; lastKnownFileType = folder.assetcatalog; path = Assets.xcassets; sourceTree = "<group>"; };
		D3BEFB8A2DCBA9C8000CE70F /* Preview Assets.xcassets */ = {isa = PBXFileReference; lastKnownFileType = folder.assetcatalog; path = "Preview Assets.xcassets"; sourceTree = "<group>"; };
		D3BEFB922DCBAA00000CE70F /* HomeView.swift */ = {isa = PBXFileReference; lastKnownFileType = sourcecode.swift; path = HomeView.swift; sourceTree = "<group>"; };
		D3BEFB942DCBABA9000CE70F /* SplashView.swift */ = {isa = PBXFileReference; lastKnownFileType = sourcecode.swift; path = SplashView.swift; sourceTree = "<group>"; };
		D3BEFB982DCBAECD000CE70F /* MainButtonStyle.swift */ = {isa = PBXFileReference; lastKnownFileType = sourcecode.swift; path = MainButtonStyle.swift; sourceTree = "<group>"; };
		D3BEFB9B2DCBB3E9000CE70F /* OleoScript-Bold.ttf */ = {isa = PBXFileReference; lastKnownFileType = file; path = "OleoScript-Bold.ttf"; sourceTree = "<group>"; };
		D3BEFB9D2DCBB404000CE70F /* Info.plist */ = {isa = PBXFileReference; lastKnownFileType = text.plist; path = Info.plist; sourceTree = "<group>"; };
		D3BEFB9E2DCBB43C000CE70F /* OoohBaby-Regular.ttf */ = {isa = PBXFileReference; lastKnownFileType = file; path = "OoohBaby-Regular.ttf"; sourceTree = "<group>"; };
		D3FFCE142DD0801D0060F781 /* TerritoryCapsule.swift */ = {isa = PBXFileReference; lastKnownFileType = sourcecode.swift; path = TerritoryCapsule.swift; sourceTree = "<group>"; };
/* End PBXFileReference section */

/* Begin PBXFrameworksBuildPhase section */
		D3BEFB7D2DCBA9C7000CE70F /* Frameworks */ = {
			isa = PBXFrameworksBuildPhase;
			buildActionMask = 2147483647;
			files = (
			);
			runOnlyForDeploymentPostprocessing = 0;
		};
/* End PBXFrameworksBuildPhase section */

/* Begin PBXGroup section */
		D35431032DCBB9D9006953CD /* Extension */ = {
			isa = PBXGroup;
			children = (
				D35431042DCBB9EC006953CD /* Color+Extension.swift */,
			);
			path = Extension;
			sourceTree = "<group>";
		};
		D3BEFB772DCBA9C7000CE70F = {
			isa = PBXGroup;
			children = (
				D3BEFB822DCBA9C7000CE70F /* TravelWorld */,
				D3BEFB812DCBA9C7000CE70F /* Products */,
			);
			sourceTree = "<group>";
		};
		D3BEFB812DCBA9C7000CE70F /* Products */ = {
			isa = PBXGroup;
			children = (
				D3BEFB802DCBA9C7000CE70F /* TravelWorld.app */,
			);
			name = Products;
			sourceTree = "<group>";
		};
		D3BEFB822DCBA9C7000CE70F /* TravelWorld */ = {
			isa = PBXGroup;
			children = (
				D3FFCE132DD07FF60060F781 /* UI Component */,
				D3BEFB9D2DCBB404000CE70F /* Info.plist */,
				D3BEFB962DCBAEAB000CE70F /* Utility */,
				D3BEFB912DCBA9D4000CE70F /* View */,
				D3BEFB832DCBA9C7000CE70F /* TravelWorldApp.swift */,
				D3BEFB852DCBA9C7000CE70F /* ContentView.swift */,
				D3BEFB872DCBA9C8000CE70F /* Assets.xcassets */,
				D35431012DCBB905006953CD /* Colors.xcassets */,
				D3BEFB892DCBA9C8000CE70F /* Preview Content */,
			);
			path = TravelWorld;
			sourceTree = "<group>";
		};
		D3BEFB892DCBA9C8000CE70F /* Preview Content */ = {
			isa = PBXGroup;
			children = (
				D3BEFB8A2DCBA9C8000CE70F /* Preview Assets.xcassets */,
			);
			path = "Preview Content";
			sourceTree = "<group>";
		};
		D3BEFB912DCBA9D4000CE70F /* View */ = {
			isa = PBXGroup;
			children = (
				D3BEFB922DCBAA00000CE70F /* HomeView.swift */,
				D3BEFB942DCBABA9000CE70F /* SplashView.swift */,
			);
			path = View;
			sourceTree = "<group>";
		};
		D3BEFB962DCBAEAB000CE70F /* Utility */ = {
			isa = PBXGroup;
			children = (
				D35431032DCBB9D9006953CD /* Extension */,
				D3BEFB9A2DCBB273000CE70F /* Font */,
				D3BEFB972DCBAEB2000CE70F /* Shape */,
			);
			path = Utility;
			sourceTree = "<group>";
		};
		D3BEFB972DCBAEB2000CE70F /* Shape */ = {
			isa = PBXGroup;
			children = (
				D3BEFB982DCBAECD000CE70F /* MainButtonStyle.swift */,
			);
			path = Shape;
			sourceTree = "<group>";
		};
		D3BEFB9A2DCBB273000CE70F /* Font */ = {
			isa = PBXGroup;
			children = (
				D3BEFB9E2DCBB43C000CE70F /* OoohBaby-Regular.ttf */,
				D3BEFB9B2DCBB3E9000CE70F /* OleoScript-Bold.ttf */,
			);
			path = Font;
			sourceTree = "<group>";
		};
		D3FFCE132DD07FF60060F781 /* UI Component */ = {
			isa = PBXGroup;
			children = (
				D3FFCE142DD0801D0060F781 /* TerritoryCapsule.swift */,
			);
			path = "UI Component";
			sourceTree = "<group>";
		};
/* End PBXGroup section */

/* Begin PBXNativeTarget section */
		D3BEFB7F2DCBA9C7000CE70F /* TravelWorld */ = {
			isa = PBXNativeTarget;
			buildConfigurationList = D3BEFB8E2DCBA9C8000CE70F /* Build configuration list for PBXNativeTarget "TravelWorld" */;
			buildPhases = (
				D3BEFB7C2DCBA9C7000CE70F /* Sources */,
				D3BEFB7D2DCBA9C7000CE70F /* Frameworks */,
				D3BEFB7E2DCBA9C7000CE70F /* Resources */,
			);
			buildRules = (
			);
			dependencies = (
			);
			name = TravelWorld;
			productName = TravelWorld;
			productReference = D3BEFB802DCBA9C7000CE70F /* TravelWorld.app */;
			productType = "com.apple.product-type.application";
		};
/* End PBXNativeTarget section */

/* Begin PBXProject section */
		D3BEFB782DCBA9C7000CE70F /* Project object */ = {
			isa = PBXProject;
			attributes = {
				BuildIndependentTargetsInParallel = 1;
				LastSwiftUpdateCheck = 1320;
				LastUpgradeCheck = 1320;
				TargetAttributes = {
					D3BEFB7F2DCBA9C7000CE70F = {
						CreatedOnToolsVersion = 13.2.1;
					};
				};
			};
			buildConfigurationList = D3BEFB7B2DCBA9C7000CE70F /* Build configuration list for PBXProject "TravelWorld" */;
			compatibilityVersion = "Xcode 13.0";
			developmentRegion = en;
			hasScannedForEncodings = 0;
			knownRegions = (
				en,
				Base,
			);
			mainGroup = D3BEFB772DCBA9C7000CE70F;
			productRefGroup = D3BEFB812DCBA9C7000CE70F /* Products */;
			projectDirPath = "";
			projectRoot = "";
			targets = (
				D3BEFB7F2DCBA9C7000CE70F /* TravelWorld */,
			);
		};
/* End PBXProject section */

/* Begin PBXResourcesBuildPhase section */
		D3BEFB7E2DCBA9C7000CE70F /* Resources */ = {
			isa = PBXResourcesBuildPhase;
			buildActionMask = 2147483647;
			files = (
				D35431022DCBB905006953CD /* Colors.xcassets in Resources */,
				D3BEFB9C2DCBB3E9000CE70F /* OleoScript-Bold.ttf in Resources */,
				D3BEFB8B2DCBA9C8000CE70F /* Preview Assets.xcassets in Resources */,
				D3BEFB9F2DCBB43C000CE70F /* OoohBaby-Regular.ttf in Resources */,
				D3BEFB882DCBA9C8000CE70F /* Assets.xcassets in Resources */,
			);
			runOnlyForDeploymentPostprocessing = 0;
		};
/* End PBXResourcesBuildPhase section */

/* Begin PBXSourcesBuildPhase section */
		D3BEFB7C2DCBA9C7000CE70F /* Sources */ = {
			isa = PBXSourcesBuildPhase;
			buildActionMask = 2147483647;
			files = (
				D3BEFB992DCBAECD000CE70F /* MainButtonStyle.swift in Sources */,
				D35431052DCBB9EC006953CD /* Color+Extension.swift in Sources */,
				D3FFCE152DD0801D0060F781 /* TerritoryCapsule.swift in Sources */,
				D3BEFB932DCBAA00000CE70F /* HomeView.swift in Sources */,
				D3BEFB952DCBABA9000CE70F /* SplashView.swift in Sources */,
				D3BEFB862DCBA9C7000CE70F /* ContentView.swift in Sources */,
				D3BEFB842DCBA9C7000CE70F /* TravelWorldApp.swift in Sources */,
			);
			runOnlyForDeploymentPostprocessing = 0;
		};
/* End PBXSourcesBuildPhase section */

/* Begin XCBuildConfiguration section */
		D3BEFB8C2DCBA9C8000CE70F /* Debug */ = {
			isa = XCBuildConfiguration;
			buildSettings = {
				ALWAYS_SEARCH_USER_PATHS = NO;
				CLANG_ANALYZER_NONNULL = YES;
				CLANG_ANALYZER_NUMBER_OBJECT_CONVERSION = YES_AGGRESSIVE;
				CLANG_CXX_LANGUAGE_STANDARD = "gnu++17";
				CLANG_CXX_LIBRARY = "libc++";
				CLANG_ENABLE_MODULES = YES;
				CLANG_ENABLE_OBJC_ARC = YES;
				CLANG_ENABLE_OBJC_WEAK = YES;
				CLANG_WARN_BLOCK_CAPTURE_AUTORELEASING = YES;
				CLANG_WARN_BOOL_CONVERSION = YES;
				CLANG_WARN_COMMA = YES;
				CLANG_WARN_CONSTANT_CONVERSION = YES;
				CLANG_WARN_DEPRECATED_OBJC_IMPLEMENTATIONS = YES;
				CLANG_WARN_DIRECT_OBJC_ISA_USAGE = YES_ERROR;
				CLANG_WARN_DOCUMENTATION_COMMENTS = YES;
				CLANG_WARN_EMPTY_BODY = YES;
				CLANG_WARN_ENUM_CONVERSION = YES;
				CLANG_WARN_INFINITE_RECURSION = YES;
				CLANG_WARN_INT_CONVERSION = YES;
				CLANG_WARN_NON_LITERAL_NULL_CONVERSION = YES;
				CLANG_WARN_OBJC_IMPLICIT_RETAIN_SELF = YES;
				CLANG_WARN_OBJC_LITERAL_CONVERSION = YES;
				CLANG_WARN_OBJC_ROOT_CLASS = YES_ERROR;
				CLANG_WARN_QUOTED_INCLUDE_IN_FRAMEWORK_HEADER = YES;
				CLANG_WARN_RANGE_LOOP_ANALYSIS = YES;
				CLANG_WARN_STRICT_PROTOTYPES = YES;
				CLANG_WARN_SUSPICIOUS_MOVE = YES;
				CLANG_WARN_UNGUARDED_AVAILABILITY = YES_AGGRESSIVE;
				CLANG_WARN_UNREACHABLE_CODE = YES;
				CLANG_WARN__DUPLICATE_METHOD_MATCH = YES;
				COPY_PHASE_STRIP = NO;
				DEBUG_INFORMATION_FORMAT = dwarf;
				ENABLE_STRICT_OBJC_MSGSEND = YES;
				ENABLE_TESTABILITY = YES;
				GCC_C_LANGUAGE_STANDARD = gnu11;
				GCC_DYNAMIC_NO_PIC = NO;
				GCC_NO_COMMON_BLOCKS = YES;
				GCC_OPTIMIZATION_LEVEL = 0;
				GCC_PREPROCESSOR_DEFINITIONS = (
					"DEBUG=1",
					"$(inherited)",
				);
				GCC_WARN_64_TO_32_BIT_CONVERSION = YES;
				GCC_WARN_ABOUT_RETURN_TYPE = YES_ERROR;
				GCC_WARN_UNDECLARED_SELECTOR = YES;
				GCC_WARN_UNINITIALIZED_AUTOS = YES_AGGRESSIVE;
				GCC_WARN_UNUSED_FUNCTION = YES;
				GCC_WARN_UNUSED_VARIABLE = YES;
				IPHONEOS_DEPLOYMENT_TARGET = 15.2;
				MTL_ENABLE_DEBUG_INFO = INCLUDE_SOURCE;
				MTL_FAST_MATH = YES;
				ONLY_ACTIVE_ARCH = YES;
				SDKROOT = iphoneos;
				SWIFT_ACTIVE_COMPILATION_CONDITIONS = DEBUG;
				SWIFT_OPTIMIZATION_LEVEL = "-Onone";
			};
			name = Debug;
		};
		D3BEFB8D2DCBA9C8000CE70F /* Release */ = {
			isa = XCBuildConfiguration;
			buildSettings = {
				ALWAYS_SEARCH_USER_PATHS = NO;
				CLANG_ANALYZER_NONNULL = YES;
				CLANG_ANALYZER_NUMBER_OBJECT_CONVERSION = YES_AGGRESSIVE;
				CLANG_CXX_LANGUAGE_STANDARD = "gnu++17";
				CLANG_CXX_LIBRARY = "libc++";
				CLANG_ENABLE_MODULES = YES;
				CLANG_ENABLE_OBJC_ARC = YES;
				CLANG_ENABLE_OBJC_WEAK = YES;
				CLANG_WARN_BLOCK_CAPTURE_AUTORELEASING = YES;
				CLANG_WARN_BOOL_CONVERSION = YES;
				CLANG_WARN_COMMA = YES;
				CLANG_WARN_CONSTANT_CONVERSION = YES;
				CLANG_WARN_DEPRECATED_OBJC_IMPLEMENTATIONS = YES;
				CLANG_WARN_DIRECT_OBJC_ISA_USAGE = YES_ERROR;
				CLANG_WARN_DOCUMENTATION_COMMENTS = YES;
				CLANG_WARN_EMPTY_BODY = YES;
				CLANG_WARN_ENUM_CONVERSION = YES;
				CLANG_WARN_INFINITE_RECURSION = YES;
				CLANG_WARN_INT_CONVERSION = YES;
				CLANG_WARN_NON_LITERAL_NULL_CONVERSION = YES;
				CLANG_WARN_OBJC_IMPLICIT_RETAIN_SELF = YES;
				CLANG_WARN_OBJC_LITERAL_CONVERSION = YES;
				CLANG_WARN_OBJC_ROOT_CLASS = YES_ERROR;
				CLANG_WARN_QUOTED_INCLUDE_IN_FRAMEWORK_HEADER = YES;
				CLANG_WARN_RANGE_LOOP_ANALYSIS = YES;
				CLANG_WARN_STRICT_PROTOTYPES = YES;
				CLANG_WARN_SUSPICIOUS_MOVE = YES;
				CLANG_WARN_UNGUARDED_AVAILABILITY = YES_AGGRESSIVE;
				CLANG_WARN_UNREACHABLE_CODE = YES;
				CLANG_WARN__DUPLICATE_METHOD_MATCH = YES;
				COPY_PHASE_STRIP = NO;
				DEBUG_INFORMATION_FORMAT = "dwarf-with-dsym";
				ENABLE_NS_ASSERTIONS = NO;
				ENABLE_STRICT_OBJC_MSGSEND = YES;
				GCC_C_LANGUAGE_STANDARD = gnu11;
				GCC_NO_COMMON_BLOCKS = YES;
				GCC_WARN_64_TO_32_BIT_CONVERSION = YES;
				GCC_WARN_ABOUT_RETURN_TYPE = YES_ERROR;
				GCC_WARN_UNDECLARED_SELECTOR = YES;
				GCC_WARN_UNINITIALIZED_AUTOS = YES_AGGRESSIVE;
				GCC_WARN_UNUSED_FUNCTION = YES;
				GCC_WARN_UNUSED_VARIABLE = YES;
				IPHONEOS_DEPLOYMENT_TARGET = 15.2;
				MTL_ENABLE_DEBUG_INFO = NO;
				MTL_FAST_MATH = YES;
				SDKROOT = iphoneos;
				SWIFT_COMPILATION_MODE = wholemodule;
				SWIFT_OPTIMIZATION_LEVEL = "-O";
				VALIDATE_PRODUCT = YES;
			};
			name = Release;
		};
		D3BEFB8F2DCBA9C8000CE70F /* Debug */ = {
			isa = XCBuildConfiguration;
			buildSettings = {
				ASSETCATALOG_COMPILER_APPICON_NAME = AppIcon;
				ASSETCATALOG_COMPILER_GLOBAL_ACCENT_COLOR_NAME = AccentColor;
				CODE_SIGN_STYLE = Automatic;
				CURRENT_PROJECT_VERSION = 1;
				DEVELOPMENT_ASSET_PATHS = "\"TravelWorld/Preview Content\"";
				DEVELOPMENT_TEAM = 4HMHL946U5;
				ENABLE_PREVIEWS = YES;
				GENERATE_INFOPLIST_FILE = YES;
				INFOPLIST_FILE = TravelWorld/Info.plist;
				INFOPLIST_KEY_LSApplicationCategoryType = "";
				INFOPLIST_KEY_UIApplicationSceneManifest_Generation = YES;
				INFOPLIST_KEY_UIApplicationSupportsIndirectInputEvents = YES;
				INFOPLIST_KEY_UILaunchScreen_Generation = YES;
				INFOPLIST_KEY_UISupportedInterfaceOrientations_iPad = "UIInterfaceOrientationPortrait UIInterfaceOrientationPortraitUpsideDown UIInterfaceOrientationLandscapeLeft UIInterfaceOrientationLandscapeRight";
				INFOPLIST_KEY_UISupportedInterfaceOrientations_iPhone = "UIInterfaceOrientationPortrait UIInterfaceOrientationLandscapeLeft UIInterfaceOrientationLandscapeRight";
				LD_RUNPATH_SEARCH_PATHS = (
					"$(inherited)",
					"@executable_path/Frameworks",
				);
				MARKETING_VERSION = 1.0;
				PRODUCT_BUNDLE_IDENTIFIER = com.saboor.TravelWorld;
				PRODUCT_NAME = "$(TARGET_NAME)";
				SWIFT_EMIT_LOC_STRINGS = YES;
				SWIFT_VERSION = 5.0;
				TARGETED_DEVICE_FAMILY = "1,2";
			};
			name = Debug;
		};
		D3BEFB902DCBA9C8000CE70F /* Release */ = {
			isa = XCBuildConfiguration;
			buildSettings = {
				ASSETCATALOG_COMPILER_APPICON_NAME = AppIcon;
				ASSETCATALOG_COMPILER_GLOBAL_ACCENT_COLOR_NAME = AccentColor;
				CODE_SIGN_STYLE = Automatic;
				CURRENT_PROJECT_VERSION = 1;
				DEVELOPMENT_ASSET_PATHS = "\"TravelWorld/Preview Content\"";
				DEVELOPMENT_TEAM = 4HMHL946U5;
				ENABLE_PREVIEWS = YES;
				GENERATE_INFOPLIST_FILE = YES;
				INFOPLIST_FILE = TravelWorld/Info.plist;
				INFOPLIST_KEY_LSApplicationCategoryType = "";
				INFOPLIST_KEY_UIApplicationSceneManifest_Generation = YES;
				INFOPLIST_KEY_UIApplicationSupportsIndirectInputEvents = YES;
				INFOPLIST_KEY_UILaunchScreen_Generation = YES;
				INFOPLIST_KEY_UISupportedInterfaceOrientations_iPad = "UIInterfaceOrientationPortrait UIInterfaceOrientationPortraitUpsideDown UIInterfaceOrientationLandscapeLeft UIInterfaceOrientationLandscapeRight";
				INFOPLIST_KEY_UISupportedInterfaceOrientations_iPhone = "UIInterfaceOrientationPortrait UIInterfaceOrientationLandscapeLeft UIInterfaceOrientationLandscapeRight";
				LD_RUNPATH_SEARCH_PATHS = (
					"$(inherited)",
					"@executable_path/Frameworks",
				);
				MARKETING_VERSION = 1.0;
				PRODUCT_BUNDLE_IDENTIFIER = com.saboor.TravelWorld;
				PRODUCT_NAME = "$(TARGET_NAME)";
				SWIFT_EMIT_LOC_STRINGS = YES;
				SWIFT_VERSION = 5.0;
				TARGETED_DEVICE_FAMILY = "1,2";
			};
			name = Release;
		};
/* End XCBuildConfiguration section */

/* Begin XCConfigurationList section */
		D3BEFB7B2DCBA9C7000CE70F /* Build configuration list for PBXProject "TravelWorld" */ = {
			isa = XCConfigurationList;
			buildConfigurations = (
				D3BEFB8C2DCBA9C8000CE70F /* Debug */,
				D3BEFB8D2DCBA9C8000CE70F /* Release */,
			);
			defaultConfigurationIsVisible = 0;
			defaultConfigurationName = Release;
		};
		D3BEFB8E2DCBA9C8000CE70F /* Build configuration list for PBXNativeTarget "TravelWorld" */ = {
			isa = XCConfigurationList;
			buildConfigurations = (
				D3BEFB8F2DCBA9C8000CE70F /* Debug */,
				D3BEFB902DCBA9C8000CE70F /* Release */,
			);
			defaultConfigurationIsVisible = 0;
			defaultConfigurationName = Release;
		};
/* End XCConfigurationList section */
	};
	rootObject = D3BEFB782DCBA9C7000CE70F /* Project object */;
}
